// !$*UTF8*$!
{
	archiveVersion = 1;
	classes = {
	};
	objectVersion = 50;
	objects = {

/* Begin PBXBuildFile section */
		816B2A0725B979AB0067C835 /* LunarCalendarApp.swift in Sources */ = {isa = PBXBuildFile; fileRef = 816B2A0625B979AB0067C835 /* LunarCalendarApp.swift */; };
		816B2A0925B979AB0067C835 /* ContentView.swift in Sources */ = {isa = PBXBuildFile; fileRef = 816B2A0825B979AB0067C835 /* ContentView.swift */; };
		816B2A0B25B979AE0067C835 /* Assets.xcassets in Resources */ = {isa = PBXBuildFile; fileRef = 816B2A0A25B979AE0067C835 /* Assets.xcassets */; };
		816B2A0E25B979AE0067C835 /* Preview Assets.xcassets in Resources */ = {isa = PBXBuildFile; fileRef = 816B2A0D25B979AE0067C835 /* Preview Assets.xcassets */; };
		816B2A1825B97A4B0067C835 /* LunarCalendar.swift in Sources */ = {isa = PBXBuildFile; fileRef = 816B2A1725B97A4B0067C835 /* LunarCalendar.swift */; };
		816B2A1B25B97A970067C835 /* CalendarWeek.swift in Sources */ = {isa = PBXBuildFile; fileRef = 816B2A1A25B97A970067C835 /* CalendarWeek.swift */; };
		816B2A1E25B97AC00067C835 /* Util.swift in Sources */ = {isa = PBXBuildFile; fileRef = 816B2A1D25B97AC00067C835 /* Util.swift */; };
		816B2A2225B97BD10067C835 /* CalendarGrid.swift in Sources */ = {isa = PBXBuildFile; fileRef = 816B2A2125B97BD10067C835 /* CalendarGrid.swift */; };
		816B2A2625B97F7F0067C835 /* CalenderDay.swift in Sources */ = {isa = PBXBuildFile; fileRef = 816B2A2525B97F7F0067C835 /* CalenderDay.swift */; };
/* End PBXBuildFile section */

/* Begin PBXFileReference section */
		816B2A0325B979AB0067C835 /* LunarCalendar.app */ = {isa = PBXFileReference; explicitFileType = wrapper.application; includeInIndex = 0; path = LunarCalendar.app; sourceTree = BUILT_PRODUCTS_DIR; };
		816B2A0625B979AB0067C835 /* LunarCalendarApp.swift */ = {isa = PBXFileReference; lastKnownFileType = sourcecode.swift; path = LunarCalendarApp.swift; sourceTree = "<group>"; };
		816B2A0825B979AB0067C835 /* ContentView.swift */ = {isa = PBXFileReference; lastKnownFileType = sourcecode.swift; path = ContentView.swift; sourceTree = "<group>"; };
		816B2A0A25B979AE0067C835 /* Assets.xcassets */ = {isa = PBXFileReference; lastKnownFileType = folder.assetcatalog; path = Assets.xcassets; sourceTree = "<group>"; };
		816B2A0D25B979AE0067C835 /* Preview Assets.xcassets */ = {isa = PBXFileReference; lastKnownFileType = folder.assetcatalog; path = "Preview Assets.xcassets"; sourceTree = "<group>"; };
		816B2A0F25B979AE0067C835 /* Info.plist */ = {isa = PBXFileReference; lastKnownFileType = text.plist.xml; path = Info.plist; sourceTree = "<group>"; };
		816B2A1725B97A4B0067C835 /* LunarCalendar.swift */ = {isa = PBXFileReference; fileEncoding = 4; lastKnownFileType = sourcecode.swift; path = LunarCalendar.swift; sourceTree = "<group>"; };
		816B2A1A25B97A970067C835 /* CalendarWeek.swift */ = {isa = PBXFileReference; fileEncoding = 4; lastKnownFileType = sourcecode.swift; path = CalendarWeek.swift; sourceTree = "<group>"; };
		816B2A1D25B97AC00067C835 /* Util.swift */ = {isa = PBXFileReference; lastKnownFileType = sourcecode.swift; path = Util.swift; sourceTree = "<group>"; };
		816B2A2125B97BD10067C835 /* CalendarGrid.swift */ = {isa = PBXFileReference; fileEncoding = 4; lastKnownFileType = sourcecode.swift; path = CalendarGrid.swift; sourceTree = "<group>"; };
		816B2A2525B97F7F0067C835 /* CalenderDay.swift */ = {isa = PBXFileReference; fileEncoding = 4; lastKnownFileType = sourcecode.swift; path = CalenderDay.swift; sourceTree = "<group>"; };
/* End PBXFileReference section */

/* Begin PBXFrameworksBuildPhase section */
		816B2A0025B979AB0067C835 /* Frameworks */ = {
			isa = PBXFrameworksBuildPhase;
			buildActionMask = 2147483647;
			files = (
			);
			runOnlyForDeploymentPostprocessing = 0;
		};
/* End PBXFrameworksBuildPhase section */

/* Begin PBXGroup section */
		816B29FA25B979AB0067C835 = {
			isa = PBXGroup;
			children = (
				816B2A0525B979AB0067C835 /* LunarCalendar */,
				816B2A0425B979AB0067C835 /* Products */,
			);
			sourceTree = "<group>";
		};
		816B2A0425B979AB0067C835 /* Products */ = {
			isa = PBXGroup;
			children = (
				816B2A0325B979AB0067C835 /* LunarCalendar.app */,
			);
			name = Products;
			sourceTree = "<group>";
		};
		816B2A0525B979AB0067C835 /* LunarCalendar */ = {
			isa = PBXGroup;
			children = (
				816B2A0625B979AB0067C835 /* LunarCalendarApp.swift */,
				816B2A0825B979AB0067C835 /* ContentView.swift */,
				816B2A1625B97A4B0067C835 /* LunarCalendar */,
				816B2A0A25B979AE0067C835 /* Assets.xcassets */,
				816B2A0F25B979AE0067C835 /* Info.plist */,
				816B2A0C25B979AE0067C835 /* Preview Content */,
			);
			path = LunarCalendar;
			sourceTree = "<group>";
		};
		816B2A0C25B979AE0067C835 /* Preview Content */ = {
			isa = PBXGroup;
			children = (
				816B2A0D25B979AE0067C835 /* Preview Assets.xcassets */,
			);
			path = "Preview Content";
			sourceTree = "<group>";
		};
		816B2A1625B97A4B0067C835 /* LunarCalendar */ = {
			isa = PBXGroup;
			children = (
				816B2A1725B97A4B0067C835 /* LunarCalendar.swift */,
				816B2A2125B97BD10067C835 /* CalendarGrid.swift */,
				816B2A1A25B97A970067C835 /* CalendarWeek.swift */,
				816B2A2525B97F7F0067C835 /* CalenderDay.swift */,
				816B2A1D25B97AC00067C835 /* Util.swift */,
			);
			name = LunarCalendar;
			path = Sources/LunarCalendar;
			sourceTree = SOURCE_ROOT;
		};
/* End PBXGroup section */

/* Begin PBXNativeTarget section */
		816B2A0225B979AB0067C835 /* LunarCalendar */ = {
			isa = PBXNativeTarget;
			buildConfigurationList = 816B2A1225B979AE0067C835 /* Build configuration list for PBXNativeTarget "LunarCalendar" */;
			buildPhases = (
				816B29FF25B979AB0067C835 /* Sources */,
				816B2A0025B979AB0067C835 /* Frameworks */,
				816B2A0125B979AB0067C835 /* Resources */,
			);
			buildRules = (
			);
			dependencies = (
			);
			name = LunarCalendar;
			productName = LunarCalendar;
			productReference = 816B2A0325B979AB0067C835 /* LunarCalendar.app */;
			productType = "com.apple.product-type.application";
		};
/* End PBXNativeTarget section */

/* Begin PBXProject section */
		816B29FB25B979AB0067C835 /* Project object */ = {
			isa = PBXProject;
			attributes = {
				LastSwiftUpdateCheck = 1230;
				LastUpgradeCheck = 1230;
				TargetAttributes = {
					816B2A0225B979AB0067C835 = {
						CreatedOnToolsVersion = 12.3;
					};
				};
			};
			buildConfigurationList = 816B29FE25B979AB0067C835 /* Build configuration list for PBXProject "LunarCalendar" */;
			compatibilityVersion = "Xcode 9.3";
			developmentRegion = en;
			hasScannedForEncodings = 0;
			knownRegions = (
				en,
				Base,
			);
			mainGroup = 816B29FA25B979AB0067C835;
			productRefGroup = 816B2A0425B979AB0067C835 /* Products */;
			projectDirPath = "";
			projectRoot = "";
			targets = (
				816B2A0225B979AB0067C835 /* LunarCalendar */,
			);
		};
/* End PBXProject section */

/* Begin PBXResourcesBuildPhase section */
		816B2A0125B979AB0067C835 /* Resources */ = {
			isa = PBXResourcesBuildPhase;
			buildActionMask = 2147483647;
			files = (
				816B2A0E25B979AE0067C835 /* Preview Assets.xcassets in Resources */,
				816B2A0B25B979AE0067C835 /* Assets.xcassets in Resources */,
			);
			runOnlyForDeploymentPostprocessing = 0;
		};
/* End PBXResourcesBuildPhase section */

/* Begin PBXSourcesBuildPhase section */
		816B29FF25B979AB0067C835 /* Sources */ = {
			isa = PBXSourcesBuildPhase;
			buildActionMask = 2147483647;
			files = (
				816B2A1825B97A4B0067C835 /* LunarCalendar.swift in Sources */,
				816B2A2625B97F7F0067C835 /* CalenderDay.swift in Sources */,
				816B2A1E25B97AC00067C835 /* Util.swift in Sources */,
				816B2A2225B97BD10067C835 /* CalendarGrid.swift in Sources */,
				816B2A0925B979AB0067C835 /* ContentView.swift in Sources */,
				816B2A0725B979AB0067C835 /* LunarCalendarApp.swift in Sources */,
				816B2A1B25B97A970067C835 /* CalendarWeek.swift in Sources */,
			);
			runOnlyForDeploymentPostprocessing = 0;
		};
/* End PBXSourcesBuildPhase section */

/* Begin XCBuildConfiguration section */
		816B2A1025B979AE0067C835 /* Debug */ = {
			isa = XCBuildConfiguration;
			buildSettings = {
				ALWAYS_SEARCH_USER_PATHS = NO;
				CLANG_ANALYZER_NONNULL = YES;
				CLANG_ANALYZER_NUMBER_OBJECT_CONVERSION = YES_AGGRESSIVE;
				CLANG_CXX_LANGUAGE_STANDARD = "gnu++14";
				CLANG_CXX_LIBRARY = "libc++";
				CLANG_ENABLE_MODULES = YES;
				CLANG_ENABLE_OBJC_ARC = YES;
				CLANG_ENABLE_OBJC_WEAK = YES;
				CLANG_WARN_BLOCK_CAPTURE_AUTORELEASING = YES;
				CLANG_WARN_BOOL_CONVERSION = YES;
				CLANG_WARN_COMMA = YES;
				CLANG_WARN_CONSTANT_CONVERSION = YES;
				CLANG_WARN_DEPRECATED_OBJC_IMPLEMENTATIONS = YES;
				CLANG_WARN_DIRECT_OBJC_ISA_USAGE = YES_ERROR;
				CLANG_WARN_DOCUMENTATION_COMMENTS = YES;
				CLANG_WARN_EMPTY_BODY = YES;
				CLANG_WARN_ENUM_CONVERSION = YES;
				CLANG_WARN_INFINITE_RECURSION = YES;
				CLANG_WARN_INT_CONVERSION = YES;
				CLANG_WARN_NON_LITERAL_NULL_CONVERSION = YES;
				CLANG_WARN_OBJC_IMPLICIT_RETAIN_SELF = YES;
				CLANG_WARN_OBJC_LITERAL_CONVERSION = YES;
				CLANG_WARN_OBJC_ROOT_CLASS = YES_ERROR;
				CLANG_WARN_QUOTED_INCLUDE_IN_FRAMEWORK_HEADER = YES;
				CLANG_WARN_RANGE_LOOP_ANALYSIS = YES;
				CLANG_WARN_STRICT_PROTOTYPES = YES;
				CLANG_WARN_SUSPICIOUS_MOVE = YES;
				CLANG_WARN_UNGUARDED_AVAILABILITY = YES_AGGRESSIVE;
				CLANG_WARN_UNREACHABLE_CODE = YES;
				CLANG_WARN__DUPLICATE_METHOD_MATCH = YES;
				COPY_PHASE_STRIP = NO;
				DEBUG_INFORMATION_FORMAT = dwarf;
				ENABLE_STRICT_OBJC_MSGSEND = YES;
				ENABLE_TESTABILITY = YES;
				GCC_C_LANGUAGE_STANDARD = gnu11;
				GCC_DYNAMIC_NO_PIC = NO;
				GCC_NO_COMMON_BLOCKS = YES;
				GCC_OPTIMIZATION_LEVEL = 0;
				GCC_PREPROCESSOR_DEFINITIONS = (
					"DEBUG=1",
					"$(inherited)",
				);
				GCC_WARN_64_TO_32_BIT_CONVERSION = YES;
				GCC_WARN_ABOUT_RETURN_TYPE = YES_ERROR;
				GCC_WARN_UNDECLARED_SELECTOR = YES;
				GCC_WARN_UNINITIALIZED_AUTOS = YES_AGGRESSIVE;
				GCC_WARN_UNUSED_FUNCTION = YES;
				GCC_WARN_UNUSED_VARIABLE = YES;
				IPHONEOS_DEPLOYMENT_TARGET = 14.3;
				MTL_ENABLE_DEBUG_INFO = INCLUDE_SOURCE;
				MTL_FAST_MATH = YES;
				ONLY_ACTIVE_ARCH = YES;
				SDKROOT = iphoneos;
				SWIFT_ACTIVE_COMPILATION_CONDITIONS = DEBUG;
				SWIFT_OPTIMIZATION_LEVEL = "-Onone";
			};
			name = Debug;
		};
		816B2A1125B979AE0067C835 /* Release */ = {
			isa = XCBuildConfiguration;
			buildSettings = {
				ALWAYS_SEARCH_USER_PATHS = NO;
				CLANG_ANALYZER_NONNULL = YES;
				CLANG_ANALYZER_NUMBER_OBJECT_CONVERSION = YES_AGGRESSIVE;
				CLANG_CXX_LANGUAGE_STANDARD = "gnu++14";
				CLANG_CXX_LIBRARY = "libc++";
				CLANG_ENABLE_MODULES = YES;
				CLANG_ENABLE_OBJC_ARC = YES;
				CLANG_ENABLE_OBJC_WEAK = YES;
				CLANG_WARN_BLOCK_CAPTURE_AUTORELEASING = YES;
				CLANG_WARN_BOOL_CONVERSION = YES;
				CLANG_WARN_COMMA = YES;
				CLANG_WARN_CONSTANT_CONVERSION = YES;
				CLANG_WARN_DEPRECATED_OBJC_IMPLEMENTATIONS = YES;
				CLANG_WARN_DIRECT_OBJC_ISA_USAGE = YES_ERROR;
				CLANG_WARN_DOCUMENTATION_COMMENTS = YES;
				CLANG_WARN_EMPTY_BODY = YES;
				CLANG_WARN_ENUM_CONVERSION = YES;
				CLANG_WARN_INFINITE_RECURSION = YES;
				CLANG_WARN_INT_CONVERSION = YES;
				CLANG_WARN_NON_LITERAL_NULL_CONVERSION = YES;
				CLANG_WARN_OBJC_IMPLICIT_RETAIN_SELF = YES;
				CLANG_WARN_OBJC_LITERAL_CONVERSION = YES;
				CLANG_WARN_OBJC_ROOT_CLASS = YES_ERROR;
				CLANG_WARN_QUOTED_INCLUDE_IN_FRAMEWORK_HEADER = YES;
				CLANG_WARN_RANGE_LOOP_ANALYSIS = YES;
				CLANG_WARN_STRICT_PROTOTYPES = YES;
				CLANG_WARN_SUSPICIOUS_MOVE = YES;
				CLANG_WARN_UNGUARDED_AVAILABILITY = YES_AGGRESSIVE;
				CLANG_WARN_UNREACHABLE_CODE = YES;
				CLANG_WARN__DUPLICATE_METHOD_MATCH = YES;
				COPY_PHASE_STRIP = NO;
				DEBUG_INFORMATION_FORMAT = "dwarf-with-dsym";
				ENABLE_NS_ASSERTIONS = NO;
				ENABLE_STRICT_OBJC_MSGSEND = YES;
				GCC_C_LANGUAGE_STANDARD = gnu11;
				GCC_NO_COMMON_BLOCKS = YES;
				GCC_WARN_64_TO_32_BIT_CONVERSION = YES;
				GCC_WARN_ABOUT_RETURN_TYPE = YES_ERROR;
				GCC_WARN_UNDECLARED_SELECTOR = YES;
				GCC_WARN_UNINITIALIZED_AUTOS = YES_AGGRESSIVE;
				GCC_WARN_UNUSED_FUNCTION = YES;
				GCC_WARN_UNUSED_VARIABLE = YES;
				IPHONEOS_DEPLOYMENT_TARGET = 14.3;
				MTL_ENABLE_DEBUG_INFO = NO;
				MTL_FAST_MATH = YES;
				SDKROOT = iphoneos;
				SWIFT_COMPILATION_MODE = wholemodule;
				SWIFT_OPTIMIZATION_LEVEL = "-O";
				VALIDATE_PRODUCT = YES;
			};
			name = Release;
		};
		816B2A1325B979AE0067C835 /* Debug */ = {
			isa = XCBuildConfiguration;
			buildSettings = {
				ASSETCATALOG_COMPILER_APPICON_NAME = AppIcon;
				ASSETCATALOG_COMPILER_GLOBAL_ACCENT_COLOR_NAME = AccentColor;
				CODE_SIGN_STYLE = Automatic;
				DEVELOPMENT_ASSET_PATHS = "\"LunarCalendar/Preview Content\"";
				DEVELOPMENT_TEAM = 69LR4SZVY2;
				ENABLE_PREVIEWS = YES;
				INFOPLIST_FILE = LunarCalendar/Info.plist;
				IPHONEOS_DEPLOYMENT_TARGET = 14.0;
				LD_RUNPATH_SEARCH_PATHS = (
					"$(inherited)",
					"@executable_path/Frameworks",
				);
				PRODUCT_BUNDLE_IDENTIFIER = hu.LunarCalendar;
				PRODUCT_NAME = "$(TARGET_NAME)";
				SWIFT_VERSION = 5.0;
				TARGETED_DEVICE_FAMILY = "1,2";
			};
			name = Debug;
		};
		816B2A1425B979AE0067C835 /* Release */ = {
			isa = XCBuildConfiguration;
			buildSettings = {
				ASSETCATALOG_COMPILER_APPICON_NAME = AppIcon;
				ASSETCATALOG_COMPILER_GLOBAL_ACCENT_COLOR_NAME = AccentColor;
				CODE_SIGN_STYLE = Automatic;
				DEVELOPMENT_ASSET_PATHS = "\"LunarCalendar/Preview Content\"";
				DEVELOPMENT_TEAM = 69LR4SZVY2;
				ENABLE_PREVIEWS = YES;
				INFOPLIST_FILE = LunarCalendar/Info.plist;
				IPHONEOS_DEPLOYMENT_TARGET = 14.0;
				LD_RUNPATH_SEARCH_PATHS = (
					"$(inherited)",
					"@executable_path/Frameworks",
				);
				PRODUCT_BUNDLE_IDENTIFIER = hu.LunarCalendar;
				PRODUCT_NAME = "$(TARGET_NAME)";
				SWIFT_VERSION = 5.0;
				TARGETED_DEVICE_FAMILY = "1,2";
			};
			name = Release;
		};
/* End XCBuildConfiguration section */

/* Begin XCConfigurationList section */
		816B29FE25B979AB0067C835 /* Build configuration list for PBXProject "LunarCalendar" */ = {
			isa = XCConfigurationList;
			buildConfigurations = (
				816B2A1025B979AE0067C835 /* Debug */,
				816B2A1125B979AE0067C835 /* Release */,
			);
			defaultConfigurationIsVisible = 0;
			defaultConfigurationName = Release;
		};
		816B2A1225B979AE0067C835 /* Build configuration list for PBXNativeTarget "LunarCalendar" */ = {
			isa = XCConfigurationList;
			buildConfigurations = (
				816B2A1325B979AE0067C835 /* Debug */,
				816B2A1425B979AE0067C835 /* Release */,
			);
			defaultConfigurationIsVisible = 0;
			defaultConfigurationName = Release;
		};
/* End XCConfigurationList section */
	};
	rootObject = 816B29FB25B979AB0067C835 /* Project object */;
}
